// !$*UTF8*$!
{
	archiveVersion = 1;
	classes = {
	};
	objectVersion = 50;
	objects = {

/* Begin PBXBuildFile section */
		60AE72A02CA71C8E18438BA9 /* Pods_gradekeepTests.framework in Frameworks */ = {isa = PBXBuildFile; fileRef = 248E78C23F17F9708CB96A7E /* Pods_gradekeepTests.framework */; };
		B82FCF50F32CD21A6BC5B107 /* Pods_gradekeepUITests.framework in Frameworks */ = {isa = PBXBuildFile; fileRef = 4660A0F049EA2937F575F68C /* Pods_gradekeepUITests.framework */; };
		E832F9D7AF37706BED51CBBC /* Pods_gradekeep.framework in Frameworks */ = {isa = PBXBuildFile; fileRef = B1C466848FCD138B5C683B7E /* Pods_gradekeep.framework */; };
		FBA1A7A5209102EC0049D058 /* AppDelegate.swift in Sources */ = {isa = PBXBuildFile; fileRef = FBA1A7A4209102EC0049D058 /* AppDelegate.swift */; };
		FBA1A7A7209102EC0049D058 /* ViewController.swift in Sources */ = {isa = PBXBuildFile; fileRef = FBA1A7A6209102EC0049D058 /* ViewController.swift */; };
		FBA1A7AA209102EC0049D058 /* Main.storyboard in Resources */ = {isa = PBXBuildFile; fileRef = FBA1A7A8209102EC0049D058 /* Main.storyboard */; };
		FBA1A7AC209102ED0049D058 /* Assets.xcassets in Resources */ = {isa = PBXBuildFile; fileRef = FBA1A7AB209102ED0049D058 /* Assets.xcassets */; };
		FBA1A7AF209102ED0049D058 /* LaunchScreen.storyboard in Resources */ = {isa = PBXBuildFile; fileRef = FBA1A7AD209102ED0049D058 /* LaunchScreen.storyboard */; };
		FBA1A7BA209102EE0049D058 /* gradekeepTests.swift in Sources */ = {isa = PBXBuildFile; fileRef = FBA1A7B9209102EE0049D058 /* gradekeepTests.swift */; };
		FBA1A7C5209102EE0049D058 /* gradekeepUITests.swift in Sources */ = {isa = PBXBuildFile; fileRef = FBA1A7C4209102EE0049D058 /* gradekeepUITests.swift */; };
		FBC7AD6820910872002A0BB4 /* GoogleService-Info.plist in Resources */ = {isa = PBXBuildFile; fileRef = FBC7AD6720910872002A0BB4 /* GoogleService-Info.plist */; };
/* End PBXBuildFile section */

/* Begin PBXContainerItemProxy section */
		FBA1A7B6209102ED0049D058 /* PBXContainerItemProxy */ = {
			isa = PBXContainerItemProxy;
			containerPortal = FBA1A799209102EC0049D058 /* Project object */;
			proxyType = 1;
			remoteGlobalIDString = FBA1A7A0209102EC0049D058;
			remoteInfo = gradekeep;
		};
		FBA1A7C1209102EE0049D058 /* PBXContainerItemProxy */ = {
			isa = PBXContainerItemProxy;
			containerPortal = FBA1A799209102EC0049D058 /* Project object */;
			proxyType = 1;
			remoteGlobalIDString = FBA1A7A0209102EC0049D058;
			remoteInfo = gradekeep;
		};
/* End PBXContainerItemProxy section */

/* Begin PBXFileReference section */
		248E78C23F17F9708CB96A7E /* Pods_gradekeepTests.framework */ = {isa = PBXFileReference; explicitFileType = wrapper.framework; includeInIndex = 0; path = Pods_gradekeepTests.framework; sourceTree = BUILT_PRODUCTS_DIR; };
		419E1A63E9157C7CF8F79A4F /* Pods-gradekeepTests.release.xcconfig */ = {isa = PBXFileReference; includeInIndex = 1; lastKnownFileType = text.xcconfig; name = "Pods-gradekeepTests.release.xcconfig"; path = "Pods/Target Support Files/Pods-gradekeepTests/Pods-gradekeepTests.release.xcconfig"; sourceTree = "<group>"; };
		4660A0F049EA2937F575F68C /* Pods_gradekeepUITests.framework */ = {isa = PBXFileReference; explicitFileType = wrapper.framework; includeInIndex = 0; path = Pods_gradekeepUITests.framework; sourceTree = BUILT_PRODUCTS_DIR; };
		609ABF6209CFAF8473BFB62E /* Pods-gradekeepUITests.release.xcconfig */ = {isa = PBXFileReference; includeInIndex = 1; lastKnownFileType = text.xcconfig; name = "Pods-gradekeepUITests.release.xcconfig"; path = "Pods/Target Support Files/Pods-gradekeepUITests/Pods-gradekeepUITests.release.xcconfig"; sourceTree = "<group>"; };
		61FF1B82115A3A12279F28D6 /* Pods-gradekeepTests.debug.xcconfig */ = {isa = PBXFileReference; includeInIndex = 1; lastKnownFileType = text.xcconfig; name = "Pods-gradekeepTests.debug.xcconfig"; path = "Pods/Target Support Files/Pods-gradekeepTests/Pods-gradekeepTests.debug.xcconfig"; sourceTree = "<group>"; };
		ADAE11CF45DE146D9CE86BC2 /* Pods-gradekeep.release.xcconfig */ = {isa = PBXFileReference; includeInIndex = 1; lastKnownFileType = text.xcconfig; name = "Pods-gradekeep.release.xcconfig"; path = "Pods/Target Support Files/Pods-gradekeep/Pods-gradekeep.release.xcconfig"; sourceTree = "<group>"; };
		B1C466848FCD138B5C683B7E /* Pods_gradekeep.framework */ = {isa = PBXFileReference; explicitFileType = wrapper.framework; includeInIndex = 0; path = Pods_gradekeep.framework; sourceTree = BUILT_PRODUCTS_DIR; };
		C6303A70B41803A1175D55F3 /* Pods-gradekeep.debug.xcconfig */ = {isa = PBXFileReference; includeInIndex = 1; lastKnownFileType = text.xcconfig; name = "Pods-gradekeep.debug.xcconfig"; path = "Pods/Target Support Files/Pods-gradekeep/Pods-gradekeep.debug.xcconfig"; sourceTree = "<group>"; };
		CFEBC531392D42BCB4713BFC /* Pods-gradekeepUITests.debug.xcconfig */ = {isa = PBXFileReference; includeInIndex = 1; lastKnownFileType = text.xcconfig; name = "Pods-gradekeepUITests.debug.xcconfig"; path = "Pods/Target Support Files/Pods-gradekeepUITests/Pods-gradekeepUITests.debug.xcconfig"; sourceTree = "<group>"; };
		FBA1A7A1209102EC0049D058 /* gradekeep.app */ = {isa = PBXFileReference; explicitFileType = wrapper.application; includeInIndex = 0; path = gradekeep.app; sourceTree = BUILT_PRODUCTS_DIR; };
		FBA1A7A4209102EC0049D058 /* AppDelegate.swift */ = {isa = PBXFileReference; lastKnownFileType = sourcecode.swift; path = AppDelegate.swift; sourceTree = "<group>"; };
		FBA1A7A6209102EC0049D058 /* ViewController.swift */ = {isa = PBXFileReference; lastKnownFileType = sourcecode.swift; path = ViewController.swift; sourceTree = "<group>"; };
		FBA1A7A9209102EC0049D058 /* Base */ = {isa = PBXFileReference; lastKnownFileType = file.storyboard; name = Base; path = Base.lproj/Main.storyboard; sourceTree = "<group>"; };
		FBA1A7AB209102ED0049D058 /* Assets.xcassets */ = {isa = PBXFileReference; lastKnownFileType = folder.assetcatalog; path = Assets.xcassets; sourceTree = "<group>"; };
		FBA1A7AE209102ED0049D058 /* Base */ = {isa = PBXFileReference; lastKnownFileType = file.storyboard; name = Base; path = Base.lproj/LaunchScreen.storyboard; sourceTree = "<group>"; };
		FBA1A7B0209102ED0049D058 /* Info.plist */ = {isa = PBXFileReference; lastKnownFileType = text.plist.xml; path = Info.plist; sourceTree = "<group>"; };
		FBA1A7B5209102ED0049D058 /* gradekeepTests.xctest */ = {isa = PBXFileReference; explicitFileType = wrapper.cfbundle; includeInIndex = 0; path = gradekeepTests.xctest; sourceTree = BUILT_PRODUCTS_DIR; };
		FBA1A7B9209102EE0049D058 /* gradekeepTests.swift */ = {isa = PBXFileReference; lastKnownFileType = sourcecode.swift; path = gradekeepTests.swift; sourceTree = "<group>"; };
		FBA1A7BB209102EE0049D058 /* Info.plist */ = {isa = PBXFileReference; lastKnownFileType = text.plist.xml; path = Info.plist; sourceTree = "<group>"; };
		FBA1A7C0209102EE0049D058 /* gradekeepUITests.xctest */ = {isa = PBXFileReference; explicitFileType = wrapper.cfbundle; includeInIndex = 0; path = gradekeepUITests.xctest; sourceTree = BUILT_PRODUCTS_DIR; };
		FBA1A7C4209102EE0049D058 /* gradekeepUITests.swift */ = {isa = PBXFileReference; lastKnownFileType = sourcecode.swift; path = gradekeepUITests.swift; sourceTree = "<group>"; };
		FBA1A7C6209102EE0049D058 /* Info.plist */ = {isa = PBXFileReference; lastKnownFileType = text.plist.xml; path = Info.plist; sourceTree = "<group>"; };
		FBC7AD6720910872002A0BB4 /* GoogleService-Info.plist */ = {isa = PBXFileReference; fileEncoding = 4; lastKnownFileType = text.plist.xml; path = "GoogleService-Info.plist"; sourceTree = "<group>"; };
/* End PBXFileReference section */

/* Begin PBXFrameworksBuildPhase section */
		FBA1A79E209102EC0049D058 /* Frameworks */ = {
			isa = PBXFrameworksBuildPhase;
			buildActionMask = 2147483647;
			files = (
				E832F9D7AF37706BED51CBBC /* Pods_gradekeep.framework in Frameworks */,
			);
			runOnlyForDeploymentPostprocessing = 0;
		};
		FBA1A7B2209102ED0049D058 /* Frameworks */ = {
			isa = PBXFrameworksBuildPhase;
			buildActionMask = 2147483647;
			files = (
				60AE72A02CA71C8E18438BA9 /* Pods_gradekeepTests.framework in Frameworks */,
			);
			runOnlyForDeploymentPostprocessing = 0;
		};
		FBA1A7BD209102EE0049D058 /* Frameworks */ = {
			isa = PBXFrameworksBuildPhase;
			buildActionMask = 2147483647;
			files = (
				B82FCF50F32CD21A6BC5B107 /* Pods_gradekeepUITests.framework in Frameworks */,
			);
			runOnlyForDeploymentPostprocessing = 0;
		};
/* End PBXFrameworksBuildPhase section */

/* Begin PBXGroup section */
		0600DAC7B85E81263E544A86 /* Pods */ = {
			isa = PBXGroup;
			children = (
				C6303A70B41803A1175D55F3 /* Pods-gradekeep.debug.xcconfig */,
				ADAE11CF45DE146D9CE86BC2 /* Pods-gradekeep.release.xcconfig */,
				61FF1B82115A3A12279F28D6 /* Pods-gradekeepTests.debug.xcconfig */,
				419E1A63E9157C7CF8F79A4F /* Pods-gradekeepTests.release.xcconfig */,
				CFEBC531392D42BCB4713BFC /* Pods-gradekeepUITests.debug.xcconfig */,
				609ABF6209CFAF8473BFB62E /* Pods-gradekeepUITests.release.xcconfig */,
			);
			name = Pods;
			sourceTree = "<group>";
		};
		66D2657CBCE952E15F7A608F /* Frameworks */ = {
			isa = PBXGroup;
			children = (
				B1C466848FCD138B5C683B7E /* Pods_gradekeep.framework */,
				248E78C23F17F9708CB96A7E /* Pods_gradekeepTests.framework */,
				4660A0F049EA2937F575F68C /* Pods_gradekeepUITests.framework */,
			);
			name = Frameworks;
			sourceTree = "<group>";
		};
		FBA1A798209102EC0049D058 = {
			isa = PBXGroup;
			children = (
				FBA1A7A3209102EC0049D058 /* gradekeep */,
				FBA1A7B8209102EE0049D058 /* gradekeepTests */,
				FBA1A7C3209102EE0049D058 /* gradekeepUITests */,
				FBA1A7A2209102EC0049D058 /* Products */,
				0600DAC7B85E81263E544A86 /* Pods */,
				66D2657CBCE952E15F7A608F /* Frameworks */,
			);
			sourceTree = "<group>";
		};
		FBA1A7A2209102EC0049D058 /* Products */ = {
			isa = PBXGroup;
			children = (
				FBA1A7A1209102EC0049D058 /* gradekeep.app */,
				FBA1A7B5209102ED0049D058 /* gradekeepTests.xctest */,
				FBA1A7C0209102EE0049D058 /* gradekeepUITests.xctest */,
			);
			name = Products;
			sourceTree = "<group>";
		};
		FBA1A7A3209102EC0049D058 /* gradekeep */ = {
			isa = PBXGroup;
			children = (
				FBC7AD6720910872002A0BB4 /* GoogleService-Info.plist */,
				FBA1A7A4209102EC0049D058 /* AppDelegate.swift */,
				FBA1A7A6209102EC0049D058 /* ViewController.swift */,
				FBA1A7A8209102EC0049D058 /* Main.storyboard */,
				FBA1A7AB209102ED0049D058 /* Assets.xcassets */,
				FBA1A7AD209102ED0049D058 /* LaunchScreen.storyboard */,
				FBA1A7B0209102ED0049D058 /* Info.plist */,
			);
			path = gradekeep;
			sourceTree = "<group>";
		};
		FBA1A7B8209102EE0049D058 /* gradekeepTests */ = {
			isa = PBXGroup;
			children = (
				FBA1A7B9209102EE0049D058 /* gradekeepTests.swift */,
				FBA1A7BB209102EE0049D058 /* Info.plist */,
			);
			path = gradekeepTests;
			sourceTree = "<group>";
		};
		FBA1A7C3209102EE0049D058 /* gradekeepUITests */ = {
			isa = PBXGroup;
			children = (
				FBA1A7C4209102EE0049D058 /* gradekeepUITests.swift */,
				FBA1A7C6209102EE0049D058 /* Info.plist */,
			);
			path = gradekeepUITests;
			sourceTree = "<group>";
		};
/* End PBXGroup section */

/* Begin PBXNativeTarget section */
		FBA1A7A0209102EC0049D058 /* gradekeep */ = {
			isa = PBXNativeTarget;
			buildConfigurationList = FBA1A7C9209102EE0049D058 /* Build configuration list for PBXNativeTarget "gradekeep" */;
			buildPhases = (
				A739411CCA5D691EEF913932 /* [CP] Check Pods Manifest.lock */,
				FBA1A79D209102EC0049D058 /* Sources */,
				FBA1A79E209102EC0049D058 /* Frameworks */,
				FBA1A79F209102EC0049D058 /* Resources */,
				00BF17AADE3192F5B6CC39FF /* [CP] Embed Pods Frameworks */,
			);
			buildRules = (
			);
			dependencies = (
			);
			name = gradekeep;
			productName = gradekeep;
			productReference = FBA1A7A1209102EC0049D058 /* gradekeep.app */;
			productType = "com.apple.product-type.application";
		};
		FBA1A7B4209102ED0049D058 /* gradekeepTests */ = {
			isa = PBXNativeTarget;
			buildConfigurationList = FBA1A7CC209102EE0049D058 /* Build configuration list for PBXNativeTarget "gradekeepTests" */;
			buildPhases = (
				01DCA4EA6D92CF74C5A2B06F /* [CP] Check Pods Manifest.lock */,
				FBA1A7B1209102ED0049D058 /* Sources */,
				FBA1A7B2209102ED0049D058 /* Frameworks */,
				FBA1A7B3209102ED0049D058 /* Resources */,
			);
			buildRules = (
			);
			dependencies = (
				FBA1A7B7209102ED0049D058 /* PBXTargetDependency */,
			);
			name = gradekeepTests;
			productName = gradekeepTests;
			productReference = FBA1A7B5209102ED0049D058 /* gradekeepTests.xctest */;
			productType = "com.apple.product-type.bundle.unit-test";
		};
		FBA1A7BF209102EE0049D058 /* gradekeepUITests */ = {
			isa = PBXNativeTarget;
			buildConfigurationList = FBA1A7CF209102EE0049D058 /* Build configuration list for PBXNativeTarget "gradekeepUITests" */;
			buildPhases = (
				4DA86DE2D11116B89E72B1DD /* [CP] Check Pods Manifest.lock */,
				FBA1A7BC209102EE0049D058 /* Sources */,
				FBA1A7BD209102EE0049D058 /* Frameworks */,
				FBA1A7BE209102EE0049D058 /* Resources */,
			);
			buildRules = (
			);
			dependencies = (
				FBA1A7C2209102EE0049D058 /* PBXTargetDependency */,
			);
			name = gradekeepUITests;
			productName = gradekeepUITests;
			productReference = FBA1A7C0209102EE0049D058 /* gradekeepUITests.xctest */;
			productType = "com.apple.product-type.bundle.ui-testing";
		};
/* End PBXNativeTarget section */

/* Begin PBXProject section */
		FBA1A799209102EC0049D058 /* Project object */ = {
			isa = PBXProject;
			attributes = {
				LastSwiftUpdateCheck = 0930;
				LastUpgradeCheck = 0930;
				ORGANIZATIONNAME = "Lee Angioletti";
				TargetAttributes = {
					FBA1A7A0209102EC0049D058 = {
						CreatedOnToolsVersion = 9.3;
					};
					FBA1A7B4209102ED0049D058 = {
						CreatedOnToolsVersion = 9.3;
						TestTargetID = FBA1A7A0209102EC0049D058;
					};
					FBA1A7BF209102EE0049D058 = {
						CreatedOnToolsVersion = 9.3;
						TestTargetID = FBA1A7A0209102EC0049D058;
					};
				};
			};
			buildConfigurationList = FBA1A79C209102EC0049D058 /* Build configuration list for PBXProject "gradekeep" */;
			compatibilityVersion = "Xcode 9.3";
			developmentRegion = en;
			hasScannedForEncodings = 0;
			knownRegions = (
				en,
				Base,
			);
			mainGroup = FBA1A798209102EC0049D058;
			productRefGroup = FBA1A7A2209102EC0049D058 /* Products */;
			projectDirPath = "";
			projectRoot = "";
			targets = (
				FBA1A7A0209102EC0049D058 /* gradekeep */,
				FBA1A7B4209102ED0049D058 /* gradekeepTests */,
				FBA1A7BF209102EE0049D058 /* gradekeepUITests */,
			);
		};
/* End PBXProject section */

/* Begin PBXResourcesBuildPhase section */
		FBA1A79F209102EC0049D058 /* Resources */ = {
			isa = PBXResourcesBuildPhase;
			buildActionMask = 2147483647;
			files = (
				FBA1A7AF209102ED0049D058 /* LaunchScreen.storyboard in Resources */,
				FBC7AD6820910872002A0BB4 /* GoogleService-Info.plist in Resources */,
				FBA1A7AC209102ED0049D058 /* Assets.xcassets in Resources */,
				FBA1A7AA209102EC0049D058 /* Main.storyboard in Resources */,
			);
			runOnlyForDeploymentPostprocessing = 0;
		};
		FBA1A7B3209102ED0049D058 /* Resources */ = {
			isa = PBXResourcesBuildPhase;
			buildActionMask = 2147483647;
			files = (
			);
			runOnlyForDeploymentPostprocessing = 0;
		};
		FBA1A7BE209102EE0049D058 /* Resources */ = {
			isa = PBXResourcesBuildPhase;
			buildActionMask = 2147483647;
			files = (
			);
			runOnlyForDeploymentPostprocessing = 0;
		};
/* End PBXResourcesBuildPhase section */

/* Begin PBXShellScriptBuildPhase section */
		00BF17AADE3192F5B6CC39FF /* [CP] Embed Pods Frameworks */ = {
			isa = PBXShellScriptBuildPhase;
			buildActionMask = 2147483647;
			files = (
			);
			inputPaths = (
				"${SRCROOT}/Pods/Target Support Files/Pods-gradekeep/Pods-gradekeep-frameworks.sh",
				"${BUILT_PRODUCTS_DIR}/GTMSessionFetcher/GTMSessionFetcher.framework",
				"${BUILT_PRODUCTS_DIR}/GoogleToolboxForMac/GoogleToolboxForMac.framework",
				"${BUILT_PRODUCTS_DIR}/nanopb/nanopb.framework",
			);
			name = "[CP] Embed Pods Frameworks";
			outputPaths = (
				"${TARGET_BUILD_DIR}/${FRAMEWORKS_FOLDER_PATH}/GTMSessionFetcher.framework",
				"${TARGET_BUILD_DIR}/${FRAMEWORKS_FOLDER_PATH}/GoogleToolboxForMac.framework",
				"${TARGET_BUILD_DIR}/${FRAMEWORKS_FOLDER_PATH}/nanopb.framework",
			);
			runOnlyForDeploymentPostprocessing = 0;
			shellPath = /bin/sh;
			shellScript = "\"${SRCROOT}/Pods/Target Support Files/Pods-gradekeep/Pods-gradekeep-frameworks.sh\"\n";
			showEnvVarsInLog = 0;
		};
		01DCA4EA6D92CF74C5A2B06F /* [CP] Check Pods Manifest.lock */ = {
			isa = PBXShellScriptBuildPhase;
			buildActionMask = 2147483647;
			files = (
			);
			inputPaths = (
				"${PODS_PODFILE_DIR_PATH}/Podfile.lock",
				"${PODS_ROOT}/Manifest.lock",
			);
			name = "[CP] Check Pods Manifest.lock";
			outputPaths = (
				"$(DERIVED_FILE_DIR)/Pods-gradekeepTests-checkManifestLockResult.txt",
			);
			runOnlyForDeploymentPostprocessing = 0;
			shellPath = /bin/sh;
			shellScript = "diff \"${PODS_PODFILE_DIR_PATH}/Podfile.lock\" \"${PODS_ROOT}/Manifest.lock\" > /dev/null\nif [ $? != 0 ] ; then\n    # print error to STDERR\n    echo \"error: The sandbox is not in sync with the Podfile.lock. Run 'pod install' or update your CocoaPods installation.\" >&2\n    exit 1\nfi\n# This output is used by Xcode 'outputs' to avoid re-running this script phase.\necho \"SUCCESS\" > \"${SCRIPT_OUTPUT_FILE_0}\"\n";
			showEnvVarsInLog = 0;
		};
		4DA86DE2D11116B89E72B1DD /* [CP] Check Pods Manifest.lock */ = {
			isa = PBXShellScriptBuildPhase;
			buildActionMask = 2147483647;
			files = (
			);
			inputPaths = (
				"${PODS_PODFILE_DIR_PATH}/Podfile.lock",
				"${PODS_ROOT}/Manifest.lock",
			);
			name = "[CP] Check Pods Manifest.lock";
			outputPaths = (
				"$(DERIVED_FILE_DIR)/Pods-gradekeepUITests-checkManifestLockResult.txt",
			);
			runOnlyForDeploymentPostprocessing = 0;
			shellPath = /bin/sh;
			shellScript = "diff \"${PODS_PODFILE_DIR_PATH}/Podfile.lock\" \"${PODS_ROOT}/Manifest.lock\" > /dev/null\nif [ $? != 0 ] ; then\n    # print error to STDERR\n    echo \"error: The sandbox is not in sync with the Podfile.lock. Run 'pod install' or update your CocoaPods installation.\" >&2\n    exit 1\nfi\n# This output is used by Xcode 'outputs' to avoid re-running this script phase.\necho \"SUCCESS\" > \"${SCRIPT_OUTPUT_FILE_0}\"\n";
			showEnvVarsInLog = 0;
		};
		A739411CCA5D691EEF913932 /* [CP] Check Pods Manifest.lock */ = {
			isa = PBXShellScriptBuildPhase;
			buildActionMask = 2147483647;
			files = (
			);
			inputPaths = (
				"${PODS_PODFILE_DIR_PATH}/Podfile.lock",
				"${PODS_ROOT}/Manifest.lock",
			);
			name = "[CP] Check Pods Manifest.lock";
			outputPaths = (
				"$(DERIVED_FILE_DIR)/Pods-gradekeep-checkManifestLockResult.txt",
			);
			runOnlyForDeploymentPostprocessing = 0;
			shellPath = /bin/sh;
			shellScript = "diff \"${PODS_PODFILE_DIR_PATH}/Podfile.lock\" \"${PODS_ROOT}/Manifest.lock\" > /dev/null\nif [ $? != 0 ] ; then\n    # print error to STDERR\n    echo \"error: The sandbox is not in sync with the Podfile.lock. Run 'pod install' or update your CocoaPods installation.\" >&2\n    exit 1\nfi\n# This output is used by Xcode 'outputs' to avoid re-running this script phase.\necho \"SUCCESS\" > \"${SCRIPT_OUTPUT_FILE_0}\"\n";
			showEnvVarsInLog = 0;
		};
/* End PBXShellScriptBuildPhase section */

/* Begin PBXSourcesBuildPhase section */
		FBA1A79D209102EC0049D058 /* Sources */ = {
			isa = PBXSourcesBuildPhase;
			buildActionMask = 2147483647;
			files = (
				FBA1A7A7209102EC0049D058 /* ViewController.swift in Sources */,
				FBA1A7A5209102EC0049D058 /* AppDelegate.swift in Sources */,
			);
			runOnlyForDeploymentPostprocessing = 0;
		};
		FBA1A7B1209102ED0049D058 /* Sources */ = {
			isa = PBXSourcesBuildPhase;
			buildActionMask = 2147483647;
			files = (
				FBA1A7BA209102EE0049D058 /* gradekeepTests.swift in Sources */,
			);
			runOnlyForDeploymentPostprocessing = 0;
		};
		FBA1A7BC209102EE0049D058 /* Sources */ = {
			isa = PBXSourcesBuildPhase;
			buildActionMask = 2147483647;
			files = (
				FBA1A7C5209102EE0049D058 /* gradekeepUITests.swift in Sources */,
			);
			runOnlyForDeploymentPostprocessing = 0;
		};
/* End PBXSourcesBuildPhase section */

/* Begin PBXTargetDependency section */
		FBA1A7B7209102ED0049D058 /* PBXTargetDependency */ = {
			isa = PBXTargetDependency;
			target = FBA1A7A0209102EC0049D058 /* gradekeep */;
			targetProxy = FBA1A7B6209102ED0049D058 /* PBXContainerItemProxy */;
		};
		FBA1A7C2209102EE0049D058 /* PBXTargetDependency */ = {
			isa = PBXTargetDependency;
			target = FBA1A7A0209102EC0049D058 /* gradekeep */;
			targetProxy = FBA1A7C1209102EE0049D058 /* PBXContainerItemProxy */;
		};
/* End PBXTargetDependency section */

/* Begin PBXVariantGroup section */
		FBA1A7A8209102EC0049D058 /* Main.storyboard */ = {
			isa = PBXVariantGroup;
			children = (
				FBA1A7A9209102EC0049D058 /* Base */,
			);
			name = Main.storyboard;
			sourceTree = "<group>";
		};
		FBA1A7AD209102ED0049D058 /* LaunchScreen.storyboard */ = {
			isa = PBXVariantGroup;
			children = (
				FBA1A7AE209102ED0049D058 /* Base */,
			);
			name = LaunchScreen.storyboard;
			sourceTree = "<group>";
		};
/* End PBXVariantGroup section */

/* Begin XCBuildConfiguration section */
		FBA1A7C7209102EE0049D058 /* Debug */ = {
			isa = XCBuildConfiguration;
			buildSettings = {
				ALWAYS_SEARCH_USER_PATHS = NO;
				CLANG_ANALYZER_NONNULL = YES;
				CLANG_ANALYZER_NUMBER_OBJECT_CONVERSION = YES_AGGRESSIVE;
				CLANG_CXX_LANGUAGE_STANDARD = "gnu++14";
				CLANG_CXX_LIBRARY = "libc++";
				CLANG_ENABLE_MODULES = YES;
				CLANG_ENABLE_OBJC_ARC = YES;
				CLANG_ENABLE_OBJC_WEAK = YES;
				CLANG_WARN_BLOCK_CAPTURE_AUTORELEASING = YES;
				CLANG_WARN_BOOL_CONVERSION = YES;
				CLANG_WARN_COMMA = YES;
				CLANG_WARN_CONSTANT_CONVERSION = YES;
				CLANG_WARN_DEPRECATED_OBJC_IMPLEMENTATIONS = YES;
				CLANG_WARN_DIRECT_OBJC_ISA_USAGE = YES_ERROR;
				CLANG_WARN_DOCUMENTATION_COMMENTS = YES;
				CLANG_WARN_EMPTY_BODY = YES;
				CLANG_WARN_ENUM_CONVERSION = YES;
				CLANG_WARN_INFINITE_RECURSION = YES;
				CLANG_WARN_INT_CONVERSION = YES;
				CLANG_WARN_NON_LITERAL_NULL_CONVERSION = YES;
				CLANG_WARN_OBJC_IMPLICIT_RETAIN_SELF = YES;
				CLANG_WARN_OBJC_LITERAL_CONVERSION = YES;
				CLANG_WARN_OBJC_ROOT_CLASS = YES_ERROR;
				CLANG_WARN_RANGE_LOOP_ANALYSIS = YES;
				CLANG_WARN_STRICT_PROTOTYPES = YES;
				CLANG_WARN_SUSPICIOUS_MOVE = YES;
				CLANG_WARN_UNGUARDED_AVAILABILITY = YES_AGGRESSIVE;
				CLANG_WARN_UNREACHABLE_CODE = YES;
				CLANG_WARN__DUPLICATE_METHOD_MATCH = YES;
				CODE_SIGN_IDENTITY = "iPhone Developer";
				COPY_PHASE_STRIP = NO;
				DEBUG_INFORMATION_FORMAT = dwarf;
				ENABLE_STRICT_OBJC_MSGSEND = YES;
				ENABLE_TESTABILITY = YES;
				GCC_C_LANGUAGE_STANDARD = gnu11;
				GCC_DYNAMIC_NO_PIC = NO;
				GCC_NO_COMMON_BLOCKS = YES;
				GCC_OPTIMIZATION_LEVEL = 0;
				GCC_PREPROCESSOR_DEFINITIONS = (
					"DEBUG=1",
					"$(inherited)",
				);
				GCC_WARN_64_TO_32_BIT_CONVERSION = YES;
				GCC_WARN_ABOUT_RETURN_TYPE = YES_ERROR;
				GCC_WARN_UNDECLARED_SELECTOR = YES;
				GCC_WARN_UNINITIALIZED_AUTOS = YES_AGGRESSIVE;
				GCC_WARN_UNUSED_FUNCTION = YES;
				GCC_WARN_UNUSED_VARIABLE = YES;
				IPHONEOS_DEPLOYMENT_TARGET = 11.3;
				MTL_ENABLE_DEBUG_INFO = YES;
				ONLY_ACTIVE_ARCH = YES;
				SDKROOT = iphoneos;
				SWIFT_ACTIVE_COMPILATION_CONDITIONS = DEBUG;
				SWIFT_OPTIMIZATION_LEVEL = "-Onone";
			};
			name = Debug;
		};
		FBA1A7C8209102EE0049D058 /* Release */ = {
			isa = XCBuildConfiguration;
			buildSettings = {
				ALWAYS_SEARCH_USER_PATHS = NO;
				CLANG_ANALYZER_NONNULL = YES;
				CLANG_ANALYZER_NUMBER_OBJECT_CONVERSION = YES_AGGRESSIVE;
				CLANG_CXX_LANGUAGE_STANDARD = "gnu++14";
				CLANG_CXX_LIBRARY = "libc++";
				CLANG_ENABLE_MODULES = YES;
				CLANG_ENABLE_OBJC_ARC = YES;
				CLANG_ENABLE_OBJC_WEAK = YES;
				CLANG_WARN_BLOCK_CAPTURE_AUTORELEASING = YES;
				CLANG_WARN_BOOL_CONVERSION = YES;
				CLANG_WARN_COMMA = YES;
				CLANG_WARN_CONSTANT_CONVERSION = YES;
				CLANG_WARN_DEPRECATED_OBJC_IMPLEMENTATIONS = YES;
				CLANG_WARN_DIRECT_OBJC_ISA_USAGE = YES_ERROR;
				CLANG_WARN_DOCUMENTATION_COMMENTS = YES;
				CLANG_WARN_EMPTY_BODY = YES;
				CLANG_WARN_ENUM_CONVERSION = YES;
				CLANG_WARN_INFINITE_RECURSION = YES;
				CLANG_WARN_INT_CONVERSION = YES;
				CLANG_WARN_NON_LITERAL_NULL_CONVERSION = YES;
				CLANG_WARN_OBJC_IMPLICIT_RETAIN_SELF = YES;
				CLANG_WARN_OBJC_LITERAL_CONVERSION = YES;
				CLANG_WARN_OBJC_ROOT_CLASS = YES_ERROR;
				CLANG_WARN_RANGE_LOOP_ANALYSIS = YES;
				CLANG_WARN_STRICT_PROTOTYPES = YES;
				CLANG_WARN_SUSPICIOUS_MOVE = YES;
				CLANG_WARN_UNGUARDED_AVAILABILITY = YES_AGGRESSIVE;
				CLANG_WARN_UNREACHABLE_CODE = YES;
				CLANG_WARN__DUPLICATE_METHOD_MATCH = YES;
				CODE_SIGN_IDENTITY = "iPhone Developer";
				COPY_PHASE_STRIP = NO;
				DEBUG_INFORMATION_FORMAT = "dwarf-with-dsym";
				ENABLE_NS_ASSERTIONS = NO;
				ENABLE_STRICT_OBJC_MSGSEND = YES;
				GCC_C_LANGUAGE_STANDARD = gnu11;
				GCC_NO_COMMON_BLOCKS = YES;
				GCC_WARN_64_TO_32_BIT_CONVERSION = YES;
				GCC_WARN_ABOUT_RETURN_TYPE = YES_ERROR;
				GCC_WARN_UNDECLARED_SELECTOR = YES;
				GCC_WARN_UNINITIALIZED_AUTOS = YES_AGGRESSIVE;
				GCC_WARN_UNUSED_FUNCTION = YES;
				GCC_WARN_UNUSED_VARIABLE = YES;
				IPHONEOS_DEPLOYMENT_TARGET = 11.3;
				MTL_ENABLE_DEBUG_INFO = NO;
				SDKROOT = iphoneos;
				SWIFT_COMPILATION_MODE = wholemodule;
				SWIFT_OPTIMIZATION_LEVEL = "-O";
				VALIDATE_PRODUCT = YES;
			};
			name = Release;
		};
		FBA1A7CA209102EE0049D058 /* Debug */ = {
			isa = XCBuildConfiguration;
			baseConfigurationReference = C6303A70B41803A1175D55F3 /* Pods-gradekeep.debug.xcconfig */;
			buildSettings = {
				ASSETCATALOG_COMPILER_APPICON_NAME = AppIcon;
				CODE_SIGN_STYLE = Automatic;
				DEVELOPMENT_TEAM = B7M7SN6P8B;
				INFOPLIST_FILE = gradekeep/Info.plist;
				LD_RUNPATH_SEARCH_PATHS = (
					"$(inherited)",
					"@executable_path/Frameworks",
				);
				PRODUCT_BUNDLE_IDENTIFIER = com.leeangioletti.gradekeep;
				PRODUCT_NAME = "$(TARGET_NAME)";
				SWIFT_VERSION = 4.0;
				TARGETED_DEVICE_FAMILY = "1,2";
			};
			name = Debug;
		};
		FBA1A7CB209102EE0049D058 /* Release */ = {
			isa = XCBuildConfiguration;
			baseConfigurationReference = ADAE11CF45DE146D9CE86BC2 /* Pods-gradekeep.release.xcconfig */;
			buildSettings = {
				ASSETCATALOG_COMPILER_APPICON_NAME = AppIcon;
				CODE_SIGN_STYLE = Automatic;
				DEVELOPMENT_TEAM = B7M7SN6P8B;
				INFOPLIST_FILE = gradekeep/Info.plist;
				LD_RUNPATH_SEARCH_PATHS = (
					"$(inherited)",
					"@executable_path/Frameworks",
				);
				PRODUCT_BUNDLE_IDENTIFIER = com.leeangioletti.gradekeep;
				PRODUCT_NAME = "$(TARGET_NAME)";
				SWIFT_VERSION = 4.0;
				TARGETED_DEVICE_FAMILY = "1,2";
			};
			name = Release;
		};
		FBA1A7CD209102EE0049D058 /* Debug */ = {
			isa = XCBuildConfiguration;
			baseConfigurationReference = 61FF1B82115A3A12279F28D6 /* Pods-gradekeepTests.debug.xcconfig */;
			buildSettings = {
				ALWAYS_EMBED_SWIFT_STANDARD_LIBRARIES = YES;
				BUNDLE_LOADER = "$(TEST_HOST)";
				CODE_SIGN_STYLE = Automatic;
				DEVELOPMENT_TEAM = B7M7SN6P8B;
				INFOPLIST_FILE = gradekeepTests/Info.plist;
				LD_RUNPATH_SEARCH_PATHS = (
					"$(inherited)",
					"@executable_path/Frameworks",
					"@loader_path/Frameworks",
				);
				PRODUCT_BUNDLE_IDENTIFIER = com.leeangioletti.gradekeepTests;
				PRODUCT_NAME = "$(TARGET_NAME)";
				SWIFT_VERSION = 4.0;
				TARGETED_DEVICE_FAMILY = "1,2";
				TEST_HOST = "$(BUILT_PRODUCTS_DIR)/gradekeep.app/gradekeep";
			};
			name = Debug;
		};
		FBA1A7CE209102EE0049D058 /* Release */ = {
			isa = XCBuildConfiguration;
			baseConfigurationReference = 419E1A63E9157C7CF8F79A4F /* Pods-gradekeepTests.release.xcconfig */;
			buildSettings = {
				ALWAYS_EMBED_SWIFT_STANDARD_LIBRARIES = YES;
				BUNDLE_LOADER = "$(TEST_HOST)";
				CODE_SIGN_STYLE = Automatic;
				DEVELOPMENT_TEAM = B7M7SN6P8B;
				INFOPLIST_FILE = gradekeepTests/Info.plist;
				LD_RUNPATH_SEARCH_PATHS = (
					"$(inherited)",
					"@executable_path/Frameworks",
					"@loader_path/Frameworks",
				);
				PRODUCT_BUNDLE_IDENTIFIER = com.leeangioletti.gradekeepTests;
				PRODUCT_NAME = "$(TARGET_NAME)";
				SWIFT_VERSION = 4.0;
				TARGETED_DEVICE_FAMILY = "1,2";
				TEST_HOST = "$(BUILT_PRODUCTS_DIR)/gradekeep.app/gradekeep";
			};
			name = Release;
		};
		FBA1A7D0209102EE0049D058 /* Debug */ = {
			isa = XCBuildConfiguration;
			baseConfigurationReference = CFEBC531392D42BCB4713BFC /* Pods-gradekeepUITests.debug.xcconfig */;
			buildSettings = {
				ALWAYS_EMBED_SWIFT_STANDARD_LIBRARIES = YES;
				CODE_SIGN_STYLE = Automatic;
				DEVELOPMENT_TEAM = B7M7SN6P8B;
				INFOPLIST_FILE = gradekeepUITests/Info.plist;
				LD_RUNPATH_SEARCH_PATHS = (
					"$(inherited)",
					"@executable_path/Frameworks",
					"@loader_path/Frameworks",
				);
				PRODUCT_BUNDLE_IDENTIFIER = com.leeangioletti.gradekeepUITests;
				PRODUCT_NAME = "$(TARGET_NAME)";
				SWIFT_VERSION = 4.0;
				TARGETED_DEVICE_FAMILY = "1,2";
				TEST_TARGET_NAME = gradekeep;
			};
			name = Debug;
		};
		FBA1A7D1209102EE0049D058 /* Release */ = {
			isa = XCBuildConfiguration;
			baseConfigurationReference = 609ABF6209CFAF8473BFB62E /* Pods-gradekeepUITests.release.xcconfig */;
			buildSettings = {
				ALWAYS_EMBED_SWIFT_STANDARD_LIBRARIES = YES;
				CODE_SIGN_STYLE = Automatic;
				DEVELOPMENT_TEAM = B7M7SN6P8B;
				INFOPLIST_FILE = gradekeepUITests/Info.plist;
				LD_RUNPATH_SEARCH_PATHS = (
					"$(inherited)",
					"@executable_path/Frameworks",
					"@loader_path/Frameworks",
				);
				PRODUCT_BUNDLE_IDENTIFIER = com.leeangioletti.gradekeepUITests;
				PRODUCT_NAME = "$(TARGET_NAME)";
				SWIFT_VERSION = 4.0;
				TARGETED_DEVICE_FAMILY = "1,2";
				TEST_TARGET_NAME = gradekeep;
			};
			name = Release;
		};
/* End XCBuildConfiguration section */

/* Begin XCConfigurationList section */
		FBA1A79C209102EC0049D058 /* Build configuration list for PBXProject "gradekeep" */ = {
			isa = XCConfigurationList;
			buildConfigurations = (
				FBA1A7C7209102EE0049D058 /* Debug */,
				FBA1A7C8209102EE0049D058 /* Release */,
			);
			defaultConfigurationIsVisible = 0;
			defaultConfigurationName = Release;
		};
		FBA1A7C9209102EE0049D058 /* Build configuration list for PBXNativeTarget "gradekeep" */ = {
			isa = XCConfigurationList;
			buildConfigurations = (
				FBA1A7CA209102EE0049D058 /* Debug */,
				FBA1A7CB209102EE0049D058 /* Release */,
			);
			defaultConfigurationIsVisible = 0;
			defaultConfigurationName = Release;
		};
		FBA1A7CC209102EE0049D058 /* Build configuration list for PBXNativeTarget "gradekeepTests" */ = {
			isa = XCConfigurationList;
			buildConfigurations = (
				FBA1A7CD209102EE0049D058 /* Debug */,
				FBA1A7CE209102EE0049D058 /* Release */,
			);
			defaultConfigurationIsVisible = 0;
			defaultConfigurationName = Release;
		};
		FBA1A7CF209102EE0049D058 /* Build configuration list for PBXNativeTarget "gradekeepUITests" */ = {
			isa = XCConfigurationList;
			buildConfigurations = (
				FBA1A7D0209102EE0049D058 /* Debug */,
				FBA1A7D1209102EE0049D058 /* Release */,
			);
			defaultConfigurationIsVisible = 0;
			defaultConfigurationName = Release;
		};
/* End XCConfigurationList section */
	};
	rootObject = FBA1A799209102EC0049D058 /* Project object */;
}
